
Microsoft Visual Studio Solution File, Format Version 12.00
# Visual Studio Version 17
VisualStudioVersion = 17.9.34902.65
MinimumVisualStudioVersion = 10.0.40219.1
Project("{D2ABAB84-BF74-430A-B69E-9DC6D40DDA17}") = "Cubo_Olap_Anita", "Cubo_Olap_Anita\Cubo_Olap_Anita.dwproj", "{5E1CC18A-D124-4495-B57C-6D92548B747A}"
EndProject
Global
	GlobalSection(SolutionConfigurationPlatforms) = preSolution
		Development|Default = Development|Default
	EndGlobalSection
	GlobalSection(ProjectConfigurationPlatforms) = postSolution
		{5E1CC18A-D124-4495-B57C-6D92548B747A}.Development|Default.ActiveCfg = Development
		{5E1CC18A-D124-4495-B57C-6D92548B747A}.Development|Default.Build.0 = Development
		{5E1CC18A-D124-4495-B57C-6D92548B747A}.Development|Default.Deploy.0 = Development
	EndGlobalSection
	GlobalSection(SolutionProperties) = preSolution
		HideSolutionNode = FALSE
	EndGlobalSection
	GlobalSection(ExtensibilityGlobals) = postSolution
		SolutionGuid = {17E47E95-E8CF-4219-88BF-0015F2B7F155}
	EndGlobalSection
EndGlobal
